
Microsoft Visual Studio Solution File, Format Version 12.00
# Visual Studio Version 16
VisualStudioVersion = 16.0.30413.136
MinimumVisualStudioVersion = 10.0.40219.1
Project("{9A19103F-16F7-4668-BE54-9A1E7A4F7556}") = "Bloga.API", "Bloga.API\Bloga.API.csproj", "{865AF2B5-B4BA-4706-865B-BF39D2CA586B}"
EndProject
Project("{FAE04EC0-301F-11D3-BF4B-00C04F79EFBC}") = "Bloga.Models", "Bloga.Models\Bloga.Models.csproj", "{7BE6F965-9AF5-44B6-85DC-F7AE9D0504D5}"
EndProject
Global
	GlobalSection(SolutionConfigurationPlatforms) = preSolution
		Debug|Any CPU = Debug|Any CPU
		Release|Any CPU = Release|Any CPU
	EndGlobalSection
	GlobalSection(ProjectConfigurationPlatforms) = postSolution
		{865AF2B5-B4BA-4706-865B-BF39D2CA586B}.Debug|Any CPU.ActiveCfg = Debug|Any CPU
		{865AF2B5-B4BA-4706-865B-BF39D2CA586B}.Debug|Any CPU.Build.0 = Debug|Any CPU
		{865AF2B5-B4BA-4706-865B-BF39D2CA586B}.Release|Any CPU.ActiveCfg = Release|Any CPU
		{865AF2B5-B4BA-4706-865B-BF39D2CA586B}.Release|Any CPU.Build.0 = Release|Any CPU
		{7BE6F965-9AF5-44B6-85DC-F7AE9D0504D5}.Debug|Any CPU.ActiveCfg = Debug|Any CPU
		{7BE6F965-9AF5-44B6-85DC-F7AE9D0504D5}.Debug|Any CPU.Build.0 = Debug|Any CPU
		{7BE6F965-9AF5-44B6-85DC-F7AE9D0504D5}.Release|Any CPU.ActiveCfg = Release|Any CPU
		{7BE6F965-9AF5-44B6-85DC-F7AE9D0504D5}.Release|Any CPU.Build.0 = Release|Any CPU
	EndGlobalSection
	GlobalSection(SolutionProperties) = preSolution
		HideSolutionNode = FALSE
	EndGlobalSection
	GlobalSection(ExtensibilityGlobals) = postSolution
		SolutionGuid = {7C90B44A-30C8-4BFA-8E8F-E167C37C30AD}
	EndGlobalSection
EndGlobal
